
Microsoft Visual Studio Solution File, Format Version 12.00
# Visual Studio 15
VisualStudioVersion = 15.0.27703.2035
MinimumVisualStudioVersion = 10.0.40219.1
Project("{FAE04EC0-301F-11D3-BF4B-00C04F79EFBC}") = "Jyro", "Jyro\Jyro.csproj", "{4C98DF8A-78F7-4EDC-8037-D3EAB0E0D28E}"
EndProject
Project("{FAE04EC0-301F-11D3-BF4B-00C04F79EFBC}") = "Jyro.DAL", "Jyro.DAL\Jyro.DAL.csproj", "{B93418A4-8018-4313-B237-41C95D004C68}"
EndProject
Global
	GlobalSection(SolutionConfigurationPlatforms) = preSolution
		Debug|Any CPU = Debug|Any CPU
		Release|Any CPU = Release|Any CPU
	EndGlobalSection
	GlobalSection(ProjectConfigurationPlatforms) = postSolution
		{4C98DF8A-78F7-4EDC-8037-D3EAB0E0D28E}.Debug|Any CPU.ActiveCfg = Debug|Any CPU
		{4C98DF8A-78F7-4EDC-8037-D3EAB0E0D28E}.Debug|Any CPU.Build.0 = Debug|Any CPU
		{4C98DF8A-78F7-4EDC-8037-D3EAB0E0D28E}.Release|Any CPU.ActiveCfg = Release|Any CPU
		{4C98DF8A-78F7-4EDC-8037-D3EAB0E0D28E}.Release|Any CPU.Build.0 = Release|Any CPU
		{B93418A4-8018-4313-B237-41C95D004C68}.Debug|Any CPU.ActiveCfg = Debug|Any CPU
		{B93418A4-8018-4313-B237-41C95D004C68}.Debug|Any CPU.Build.0 = Debug|Any CPU
		{B93418A4-8018-4313-B237-41C95D004C68}.Release|Any CPU.ActiveCfg = Release|Any CPU
		{B93418A4-8018-4313-B237-41C95D004C68}.Release|Any CPU.Build.0 = Release|Any CPU
	EndGlobalSection
	GlobalSection(SolutionProperties) = preSolution
		HideSolutionNode = FALSE
	EndGlobalSection
	GlobalSection(ExtensibilityGlobals) = postSolution
		SolutionGuid = {D6B0BEF2-A3ED-4DB6-8D94-2EBDF916BAF2}
	EndGlobalSection
EndGlobal
